<?xml version="1.0" encoding="UTF-8" standalone="yes" ?>
<CodeBlocks_project_file>
   <FileVersion major="1" minor="6" />
   <Project>
      <Option title="Observer" />
      <Option makefile_is_custom="1" />
      <Option compiler="gcc" />
      <Option virtualFolders="CMake Files\;" />
      <Build>
      <Target title="all">
         <Option working_dir="/home/mtrojnar/na/NAfork/nokia-academy-2016/DesignPatterns/zadania/build-Observer-Desktop-Default" />
         <Option type="4" />
         <MakeCommands>
            <Build command="/usr/bin/make -f &quot;/home/mtrojnar/na/NAfork/nokia-academy-2016/DesignPatterns/zadania/build-Observer-Desktop-Default/Makefile&quot;  VERBOSE=1 all" />
            <CompileFile command="/usr/bin/make -f &quot;/home/mtrojnar/na/NAfork/nokia-academy-2016/DesignPatterns/zadania/build-Observer-Desktop-Default/Makefile&quot;  VERBOSE=1 &quot;$file&quot;" />
            <Clean command="/usr/bin/make -f &quot;/home/mtrojnar/na/NAfork/nokia-academy-2016/DesignPatterns/zadania/build-Observer-Desktop-Default/Makefile&quot;  VERBOSE=1 clean" />
            <DistClean command="/usr/bin/make -f &quot;/home/mtrojnar/na/NAfork/nokia-academy-2016/DesignPatterns/zadania/build-Observer-Desktop-Default/Makefile&quot;  VERBOSE=1 clean" />
         </MakeCommands>
      </Target>
      <Target title="edit_cache">
         <Option working_dir="/home/mtrojnar/na/NAfork/nokia-academy-2016/DesignPatterns/zadania/build-Observer-Desktop-Default" />
         <Option type="4" />
         <MakeCommands>
            <Build command="/usr/bin/make -f &quot;/home/mtrojnar/na/NAfork/nokia-academy-2016/DesignPatterns/zadania/build-Observer-Desktop-Default/Makefile&quot;  VERBOSE=1 edit_cache" />
            <CompileFile command="/usr/bin/make -f &quot;/home/mtrojnar/na/NAfork/nokia-academy-2016/DesignPatterns/zadania/build-Observer-Desktop-Default/Makefile&quot;  VERBOSE=1 &quot;$file&quot;" />
            <Clean command="/usr/bin/make -f &quot;/home/mtrojnar/na/NAfork/nokia-academy-2016/DesignPatterns/zadania/build-Observer-Desktop-Default/Makefile&quot;  VERBOSE=1 clean" />
            <DistClean command="/usr/bin/make -f &quot;/home/mtrojnar/na/NAfork/nokia-academy-2016/DesignPatterns/zadania/build-Observer-Desktop-Default/Makefile&quot;  VERBOSE=1 clean" />
         </MakeCommands>
      </Target>
      <Target title="run">
         <Option working_dir="/home/mtrojnar/na/NAfork/nokia-academy-2016/DesignPatterns/zadania/build-Observer-Desktop-Default" />
         <Option type="4" />
         <MakeCommands>
            <Build command="/usr/bin/make -f &quot;/home/mtrojnar/na/NAfork/nokia-academy-2016/DesignPatterns/zadania/build-Observer-Desktop-Default/Makefile&quot;  VERBOSE=1 run" />
            <CompileFile command="/usr/bin/make -f &quot;/home/mtrojnar/na/NAfork/nokia-academy-2016/DesignPatterns/zadania/build-Observer-Desktop-Default/Makefile&quot;  VERBOSE=1 &quot;$file&quot;" />
            <Clean command="/usr/bin/make -f &quot;/home/mtrojnar/na/NAfork/nokia-academy-2016/DesignPatterns/zadania/build-Observer-Desktop-Default/Makefile&quot;  VERBOSE=1 clean" />
            <DistClean command="/usr/bin/make -f &quot;/home/mtrojnar/na/NAfork/nokia-academy-2016/DesignPatterns/zadania/build-Observer-Desktop-Default/Makefile&quot;  VERBOSE=1 clean" />
         </MakeCommands>
      </Target>
      <Target title="rebuild_cache">
         <Option working_dir="/home/mtrojnar/na/NAfork/nokia-academy-2016/DesignPatterns/zadania/build-Observer-Desktop-Default" />
         <Option type="4" />
         <MakeCommands>
            <Build command="/usr/bin/make -f &quot;/home/mtrojnar/na/NAfork/nokia-academy-2016/DesignPatterns/zadania/build-Observer-Desktop-Default/Makefile&quot;  VERBOSE=1 rebuild_cache" />
            <CompileFile command="/usr/bin/make -f &quot;/home/mtrojnar/na/NAfork/nokia-academy-2016/DesignPatterns/zadania/build-Observer-Desktop-Default/Makefile&quot;  VERBOSE=1 &quot;$file&quot;" />
            <Clean command="/usr/bin/make -f &quot;/home/mtrojnar/na/NAfork/nokia-academy-2016/DesignPatterns/zadania/build-Observer-Desktop-Default/Makefile&quot;  VERBOSE=1 clean" />
            <DistClean command="/usr/bin/make -f &quot;/home/mtrojnar/na/NAfork/nokia-academy-2016/DesignPatterns/zadania/build-Observer-Desktop-Default/Makefile&quot;  VERBOSE=1 clean" />
         </MakeCommands>
      </Target>
      <Target title="Observer">
         <Option output="/home/mtrojnar/na/NAfork/nokia-academy-2016/DesignPatterns/zadania/build-Observer-Desktop-Default/Observer" prefix_auto="0" extension_auto="0" />
         <Option working_dir="/home/mtrojnar/na/NAfork/nokia-academy-2016/DesignPatterns/zadania/build-Observer-Desktop-Default" />
         <Option object_output="./" />
         <Option type="1" />
         <Option compiler="gcc" />
         <Compiler>
            <Add directory="/home/mtrojnar/na/NAfork/nokia-academy-2016/DesignPatterns/zadania/Observer/src" />
            <Add directory="/home/mtrojnar/na/NAfork/nokia-academy-2016/DesignPatterns/zadania/Observer/src/Observer" />
            <Add directory="/usr/include" />
            <Add directory="/usr/include/c++/6" />
            <Add directory="/usr/include/c++/6/backward" />
            <Add directory="/usr/include/x86_64-linux-gnu" />
            <Add directory="/usr/include/x86_64-linux-gnu/c++/6" />
            <Add directory="/usr/lib/gcc/x86_64-linux-gnu/6/include" />
            <Add directory="/usr/lib/gcc/x86_64-linux-gnu/6/include-fixed" />
            <Add directory="/usr/local/include" />
         </Compiler>
         <MakeCommands>
            <Build command="/usr/bin/make -f &quot;/home/mtrojnar/na/NAfork/nokia-academy-2016/DesignPatterns/zadania/build-Observer-Desktop-Default/Makefile&quot;  VERBOSE=1 Observer" />
            <CompileFile command="/usr/bin/make -f &quot;/home/mtrojnar/na/NAfork/nokia-academy-2016/DesignPatterns/zadania/build-Observer-Desktop-Default/Makefile&quot;  VERBOSE=1 &quot;$file&quot;" />
            <Clean command="/usr/bin/make -f &quot;/home/mtrojnar/na/NAfork/nokia-academy-2016/DesignPatterns/zadania/build-Observer-Desktop-Default/Makefile&quot;  VERBOSE=1 clean" />
            <DistClean command="/usr/bin/make -f &quot;/home/mtrojnar/na/NAfork/nokia-academy-2016/DesignPatterns/zadania/build-Observer-Desktop-Default/Makefile&quot;  VERBOSE=1 clean" />
         </MakeCommands>
      </Target>
      <Target title="Observer/fast">
         <Option output="/home/mtrojnar/na/NAfork/nokia-academy-2016/DesignPatterns/zadania/build-Observer-Desktop-Default/Observer" prefix_auto="0" extension_auto="0" />
         <Option working_dir="/home/mtrojnar/na/NAfork/nokia-academy-2016/DesignPatterns/zadania/build-Observer-Desktop-Default" />
         <Option object_output="./" />
         <Option type="1" />
         <Option compiler="gcc" />
         <Compiler>
            <Add directory="/home/mtrojnar/na/NAfork/nokia-academy-2016/DesignPatterns/zadania/Observer/src" />
            <Add directory="/home/mtrojnar/na/NAfork/nokia-academy-2016/DesignPatterns/zadania/Observer/src/Observer" />
            <Add directory="/usr/include" />
            <Add directory="/usr/include/c++/6" />
            <Add directory="/usr/include/c++/6/backward" />
            <Add directory="/usr/include/x86_64-linux-gnu" />
            <Add directory="/usr/include/x86_64-linux-gnu/c++/6" />
            <Add directory="/usr/lib/gcc/x86_64-linux-gnu/6/include" />
            <Add directory="/usr/lib/gcc/x86_64-linux-gnu/6/include-fixed" />
            <Add directory="/usr/local/include" />
         </Compiler>
         <MakeCommands>
            <Build command="/usr/bin/make -f &quot;/home/mtrojnar/na/NAfork/nokia-academy-2016/DesignPatterns/zadania/build-Observer-Desktop-Default/Makefile&quot;  VERBOSE=1 Observer/fast" />
            <CompileFile command="/usr/bin/make -f &quot;/home/mtrojnar/na/NAfork/nokia-academy-2016/DesignPatterns/zadania/build-Observer-Desktop-Default/Makefile&quot;  VERBOSE=1 &quot;$file&quot;" />
            <Clean command="/usr/bin/make -f &quot;/home/mtrojnar/na/NAfork/nokia-academy-2016/DesignPatterns/zadania/build-Observer-Desktop-Default/Makefile&quot;  VERBOSE=1 clean" />
            <DistClean command="/usr/bin/make -f &quot;/home/mtrojnar/na/NAfork/nokia-academy-2016/DesignPatterns/zadania/build-Observer-Desktop-Default/Makefile&quot;  VERBOSE=1 clean" />
         </MakeCommands>
      </Target>
      </Build>
      <Unit filename="/home/mtrojnar/na/NAfork/nokia-academy-2016/DesignPatterns/zadania/Observer/src/Clients.cpp">
         <Option target="Observer"/>
      </Unit>
      <Unit filename="/home/mtrojnar/na/NAfork/nokia-academy-2016/DesignPatterns/zadania/Observer/src/Clients.hpp">
         <Option target="Observer"/>
      </Unit>
      <Unit filename="/home/mtrojnar/na/NAfork/nokia-academy-2016/DesignPatterns/zadania/Observer/src/Database.cpp">
         <Option target="Observer"/>
      </Unit>
      <Unit filename="/home/mtrojnar/na/NAfork/nokia-academy-2016/DesignPatterns/zadania/Observer/src/Database.hpp">
         <Option target="Observer"/>
      </Unit>
      <Unit filename="/home/mtrojnar/na/NAfork/nokia-academy-2016/DesignPatterns/zadania/Observer/src/Observer/Observer.hpp">
         <Option target="Observer"/>
      </Unit>
      <Unit filename="/home/mtrojnar/na/NAfork/nokia-academy-2016/DesignPatterns/zadania/Observer/src/main.cpp">
         <Option target="Observer"/>
      </Unit>
      <Unit filename="/home/mtrojnar/na/NAfork/nokia-academy-2016/DesignPatterns/zadania/Observer/CMakeLists.txt">
          <Option virtualFolder="CMake Files\" />
      </Unit>
   </Project>
</CodeBlocks_project_file>
